
Microsoft Visual Studio Solution File, Format Version 12.00
# Visual Studio Version 16
VisualStudioVersion = 16.0.30804.86
MinimumVisualStudioVersion = 10.0.40219.1
Project("{FAE04EC0-301F-11D3-BF4B-00C04F79EFBC}") = "ShopApp.Entities", "ShopApp.Entities\ShopApp.Entities.csproj", "{79D2289B-C057-4F15-ACA1-D0CF12B7D844}"
EndProject
Project("{FAE04EC0-301F-11D3-BF4B-00C04F79EFBC}") = "ShopApp.DataAcces", "ShopApp.DataAcces\ShopApp.DataAcces.csproj", "{15E3862D-EBA6-4733-9556-6208B2935325}"
EndProject
Project("{FAE04EC0-301F-11D3-BF4B-00C04F79EFBC}") = "ShopApp.Business", "ShopApp.Business\ShopApp.Business.csproj", "{369E0B82-E75F-4924-A62B-214FF749126D}"
EndProject
Project("{FAE04EC0-301F-11D3-BF4B-00C04F79EFBC}") = "ShopApp.WebUI", "ShopApp.WebUI\ShopApp.WebUI.csproj", "{5DB9BFA6-45C3-470D-844B-BD0F82CD66BB}"
EndProject
Global
	GlobalSection(SolutionConfigurationPlatforms) = preSolution
		Debug|Any CPU = Debug|Any CPU
		Release|Any CPU = Release|Any CPU
	EndGlobalSection
	GlobalSection(ProjectConfigurationPlatforms) = postSolution
		{79D2289B-C057-4F15-ACA1-D0CF12B7D844}.Debug|Any CPU.ActiveCfg = Debug|Any CPU
		{79D2289B-C057-4F15-ACA1-D0CF12B7D844}.Debug|Any CPU.Build.0 = Debug|Any CPU
		{79D2289B-C057-4F15-ACA1-D0CF12B7D844}.Release|Any CPU.ActiveCfg = Release|Any CPU
		{79D2289B-C057-4F15-ACA1-D0CF12B7D844}.Release|Any CPU.Build.0 = Release|Any CPU
		{15E3862D-EBA6-4733-9556-6208B2935325}.Debug|Any CPU.ActiveCfg = Debug|Any CPU
		{15E3862D-EBA6-4733-9556-6208B2935325}.Debug|Any CPU.Build.0 = Debug|Any CPU
		{15E3862D-EBA6-4733-9556-6208B2935325}.Release|Any CPU.ActiveCfg = Release|Any CPU
		{15E3862D-EBA6-4733-9556-6208B2935325}.Release|Any CPU.Build.0 = Release|Any CPU
		{369E0B82-E75F-4924-A62B-214FF749126D}.Debug|Any CPU.ActiveCfg = Debug|Any CPU
		{369E0B82-E75F-4924-A62B-214FF749126D}.Debug|Any CPU.Build.0 = Debug|Any CPU
		{369E0B82-E75F-4924-A62B-214FF749126D}.Release|Any CPU.ActiveCfg = Release|Any CPU
		{369E0B82-E75F-4924-A62B-214FF749126D}.Release|Any CPU.Build.0 = Release|Any CPU
		{5DB9BFA6-45C3-470D-844B-BD0F82CD66BB}.Debug|Any CPU.ActiveCfg = Debug|Any CPU
		{5DB9BFA6-45C3-470D-844B-BD0F82CD66BB}.Debug|Any CPU.Build.0 = Debug|Any CPU
		{5DB9BFA6-45C3-470D-844B-BD0F82CD66BB}.Release|Any CPU.ActiveCfg = Release|Any CPU
		{5DB9BFA6-45C3-470D-844B-BD0F82CD66BB}.Release|Any CPU.Build.0 = Release|Any CPU
	EndGlobalSection
	GlobalSection(SolutionProperties) = preSolution
		HideSolutionNode = FALSE
	EndGlobalSection
	GlobalSection(ExtensibilityGlobals) = postSolution
		SolutionGuid = {6074F24F-7EDE-4178-9205-A928268FEEB0}
	EndGlobalSection
EndGlobal
